
Microsoft Visual Studio Solution File, Format Version 12.00
# Visual Studio Version 17
VisualStudioVersion = 17.2.32602.215
MinimumVisualStudioVersion = 10.0.40219.1
Project("{9A19103F-16F7-4668-BE54-9A1E7A4F7556}") = "TDD", "TDD.csproj", "{A243BD5A-59AB-42B8-9124-054A4957F49B}"
EndProject
Project("{FAE04EC0-301F-11D3-BF4B-00C04F79EFBC}") = "TDD.Test", "..\TDD.Test\TDD.Test.csproj", "{D6AE19EC-B362-4059-9D3F-149CBAD8E6DA}"
EndProject
Global
	GlobalSection(SolutionConfigurationPlatforms) = preSolution
		Debug|Any CPU = Debug|Any CPU
		Release|Any CPU = Release|Any CPU
	EndGlobalSection
	GlobalSection(ProjectConfigurationPlatforms) = postSolution
		{A243BD5A-59AB-42B8-9124-054A4957F49B}.Debug|Any CPU.ActiveCfg = Debug|Any CPU
		{A243BD5A-59AB-42B8-9124-054A4957F49B}.Debug|Any CPU.Build.0 = Debug|Any CPU
		{A243BD5A-59AB-42B8-9124-054A4957F49B}.Release|Any CPU.ActiveCfg = Release|Any CPU
		{A243BD5A-59AB-42B8-9124-054A4957F49B}.Release|Any CPU.Build.0 = Release|Any CPU
		{D6AE19EC-B362-4059-9D3F-149CBAD8E6DA}.Debug|Any CPU.ActiveCfg = Debug|Any CPU
		{D6AE19EC-B362-4059-9D3F-149CBAD8E6DA}.Debug|Any CPU.Build.0 = Debug|Any CPU
		{D6AE19EC-B362-4059-9D3F-149CBAD8E6DA}.Release|Any CPU.ActiveCfg = Release|Any CPU
		{D6AE19EC-B362-4059-9D3F-149CBAD8E6DA}.Release|Any CPU.Build.0 = Release|Any CPU
	EndGlobalSection
	GlobalSection(SolutionProperties) = preSolution
		HideSolutionNode = FALSE
	EndGlobalSection
	GlobalSection(ExtensibilityGlobals) = postSolution
		SolutionGuid = {053C1F91-38E0-4FA9-BAC4-A4BBBC60BA5F}
	EndGlobalSection
EndGlobal
